<?xml version="1.0" encoding="UTF-8" standalone="yes" ?>
<CodeBlocks_project_file>
	<FileVersion major="1" minor="6" />
	<Project>
		<Option title="tp1aed3" />
		<Option pch_mode="2" />
		<Option compiler="gcc" />
		<Build>
			<Target title="Debug">
				<Option output="bin/Debug/tp1aed3" prefix_auto="1" extension_auto="1" />
				<Option object_output="obj/Debug/" />
				<Option type="1" />
				<Option compiler="gcc" />
				<Compiler>
					<Add option="-g" />
				</Compiler>
			</Target>
			<Target title="Release">
				<Option output="bin/Release/tp1aed3" prefix_auto="1" extension_auto="1" />
				<Option object_output="obj/Release/" />
				<Option type="1" />
				<Option compiler="gcc" />
				<Compiler>
					<Add option="-O2" />
				</Compiler>
				<Linker>
					<Add option="-s" />
				</Linker>
			</Target>
		</Build>
		<Compiler>
			<Add option="-Wall" />
		</Compiler>
		<Unit filename="Algoritmos/backtracking.cpp" />
		<Unit filename="Algoritmos/backtracking.h" />
		<Unit filename="Algoritmos/backtracking_naif.cpp" />
		<Unit filename="Algoritmos/backtracking_naif.h" />
		<Unit filename="Algoritmos/configuraciones.cpp" />
		<Unit filename="Algoritmos/configuraciones.h" />
		<Unit filename="Algoritmos/dinamica.cpp" />
		<Unit filename="Algoritmos/dinamica.h" />
		<Unit filename="Algoritmos/fuerza_bruta.cpp" />
		<Unit filename="Algoritmos/fuerza_bruta.h" />
		<Unit filename="Algoritmos/greedy.cpp" />
		<Unit filename="Algoritmos/greedy.h" />
		<Unit filename="Experimentos/bck_podas.cpp" />
		<Unit filename="Experimentos/bck_podas.h" />
		<Unit filename="Experimentos/bck_vs_dp.cpp" />
		<Unit filename="Experimentos/bck_vs_dp.h" />
		<Unit filename="Experimentos/dp_vs_bck.cpp" />
		<Unit filename="Experimentos/dp_vs_bck.h" />
		<Unit filename="Experimentos/experimentos.h" />
		<Unit filename="Experimentos/fb_var_alta.cpp" />
		<Unit filename="Experimentos/fb_var_alta.h" />
		<Unit filename="Experimentos/fb_var_baja.cpp" />
		<Unit filename="Experimentos/fb_var_baja.h" />
		<Unit filename="Experimentos/longitud_bloque_alta_var.cpp" />
		<Unit filename="Experimentos/longitud_bloque_alta_var.h" />
		<Unit filename="Experimentos/longitud_bloque_baja_var.cpp" />
		<Unit filename="Experimentos/longitud_bloque_baja_var.h" />
		<Unit filename="Experimentos/solver.cpp" />
		<Unit filename="Experimentos/solver.h" />
		<Unit filename="Tipos/Local.cpp" />
		<Unit filename="Tipos/Local.h" />
		<Unit filename="Tipos/tipos.h" />
		<Unit filename="Utilidades/generador.cpp" />
		<Unit filename="Utilidades/generador.h" />
		<Unit filename="Utilidades/helper.cpp" />
		<Unit filename="Utilidades/helper.h" />
		<Unit filename="Utilidades/salida_consola.hpp" />
		<Unit filename="main.cpp" />
		<Extensions>
			<lib_finder disable_auto="1" />
		</Extensions>
	</Project>
</CodeBlocks_project_file>
